
Microsoft Visual Studio Solution File, Format Version 12.00
# Visual Studio Version 17
VisualStudioVersion = 17.14.36518.9 d17.14
MinimumVisualStudioVersion = 10.0.40219.1
Project("{FAE04EC0-301F-11D3-BF4B-00C04F79EFBC}") = "EeD BE EeD", "EeD BE EeD.csproj", "{E787A622-79A5-4629-9F5F-2C2DE0914082}"
EndProject
Global
	GlobalSection(SolutionConfigurationPlatforms) = preSolution
		Debug|Any CPU = Debug|Any CPU
		Release|Any CPU = Release|Any CPU
	EndGlobalSection
	GlobalSection(ProjectConfigurationPlatforms) = postSolution
		{E787A622-79A5-4629-9F5F-2C2DE0914082}.Debug|Any CPU.ActiveCfg = Debug|Any CPU
		{E787A622-79A5-4629-9F5F-2C2DE0914082}.Debug|Any CPU.Build.0 = Debug|Any CPU
		{E787A622-79A5-4629-9F5F-2C2DE0914082}.Release|Any CPU.ActiveCfg = Release|Any CPU
		{E787A622-79A5-4629-9F5F-2C2DE0914082}.Release|Any CPU.Build.0 = Release|Any CPU
	EndGlobalSection
	GlobalSection(SolutionProperties) = preSolution
		HideSolutionNode = FALSE
	EndGlobalSection
	GlobalSection(ExtensibilityGlobals) = postSolution
		SolutionGuid = {227577CB-53F1-46B9-8705-03B83E0656E9}
	EndGlobalSection
EndGlobal
